
Microsoft Visual Studio Solution File, Format Version 12.00
# Visual Studio 2013
VisualStudioVersion = 12.0.30501.0
MinimumVisualStudioVersion = 10.0.40219.1
Project("{FAE04EC0-301F-11D3-BF4B-00C04F79EFBC}") = "HouseOfClans", "HouseOfClans\HouseOfClans.csproj", "{B99E0AB4-286E-4449-BBC9-AF4EC1C5B6F3}"
EndProject
Project("{2150E333-8FDC-42A3-9474-1A3956D46DE8}") = ".nuget", ".nuget", "{3FD822D5-04DD-4792-A791-DA173688F309}"
	ProjectSection(SolutionItems) = preProject
		.nuget\NuGet.Config = .nuget\NuGet.Config
		.nuget\NuGet.exe = .nuget\NuGet.exe
		.nuget\NuGet.targets = .nuget\NuGet.targets
	EndProjectSection
EndProject
Global
	GlobalSection(SolutionConfigurationPlatforms) = preSolution
		Debug|Any CPU = Debug|Any CPU
		Release|Any CPU = Release|Any CPU
	EndGlobalSection
	GlobalSection(ProjectConfigurationPlatforms) = postSolution
		{B99E0AB4-286E-4449-BBC9-AF4EC1C5B6F3}.Debug|Any CPU.ActiveCfg = Debug|Any CPU
		{B99E0AB4-286E-4449-BBC9-AF4EC1C5B6F3}.Debug|Any CPU.Build.0 = Debug|Any CPU
		{B99E0AB4-286E-4449-BBC9-AF4EC1C5B6F3}.Release|Any CPU.ActiveCfg = Release|Any CPU
		{B99E0AB4-286E-4449-BBC9-AF4EC1C5B6F3}.Release|Any CPU.Build.0 = Release|Any CPU
	EndGlobalSection
	GlobalSection(SolutionProperties) = preSolution
		HideSolutionNode = FALSE
	EndGlobalSection
EndGlobal
